
Microsoft Visual Studio Solution File, Format Version 12.00
# Visual Studio Version 17
VisualStudioVersion = 17.4.33403.182
MinimumVisualStudioVersion = 10.0.40219.1
Project("{2150E333-8FDC-42A3-9474-1A3956D46DE8}") = "Solution Items", "Solution Items", "{E4B6DA0C-9FC9-4C4F-A27B-FDFB0CEFB696}"
	ProjectSection(SolutionItems) = preProject
		Notes.txt = Notes.txt
	EndProjectSection
EndProject
Project("{9A19103F-16F7-4668-BE54-9A1E7A4F7556}") = "OutDinner.Api", "OutDinner.Api\OutDinner.Api.csproj", "{ACEB4C8F-0CBC-4DE1-BFE3-6AD38476A9C2}"
EndProject
Project("{9A19103F-16F7-4668-BE54-9A1E7A4F7556}") = "OutDinner.Application", "OutDinner.Application\OutDinner.Application.csproj", "{B98B876F-E3A0-4355-9F5E-C589AA622BF0}"
EndProject
Project("{9A19103F-16F7-4668-BE54-9A1E7A4F7556}") = "OutDinner.Contracts", "OutDinner.Contracts\OutDinner.Contracts.csproj", "{FA10E8AE-13C5-4785-B542-F3BA96E2C1AC}"
EndProject
Project("{9A19103F-16F7-4668-BE54-9A1E7A4F7556}") = "OutDinner.Domain", "OutDinner.Domain\OutDinner.Domain.csproj", "{4A2C95B4-D00A-44E8-AE71-9FC80BE44548}"
EndProject
Project("{9A19103F-16F7-4668-BE54-9A1E7A4F7556}") = "OutDinner.Infrastructure", "OutDinner.Infrastructure\OutDinner.Infrastructure.csproj", "{07057619-120D-4B15-B48C-97C430681107}"
EndProject
Global
	GlobalSection(SolutionConfigurationPlatforms) = preSolution
		Debug|Any CPU = Debug|Any CPU
		Release|Any CPU = Release|Any CPU
	EndGlobalSection
	GlobalSection(ProjectConfigurationPlatforms) = postSolution
		{ACEB4C8F-0CBC-4DE1-BFE3-6AD38476A9C2}.Debug|Any CPU.ActiveCfg = Debug|Any CPU
		{ACEB4C8F-0CBC-4DE1-BFE3-6AD38476A9C2}.Debug|Any CPU.Build.0 = Debug|Any CPU
		{ACEB4C8F-0CBC-4DE1-BFE3-6AD38476A9C2}.Release|Any CPU.ActiveCfg = Release|Any CPU
		{ACEB4C8F-0CBC-4DE1-BFE3-6AD38476A9C2}.Release|Any CPU.Build.0 = Release|Any CPU
		{B98B876F-E3A0-4355-9F5E-C589AA622BF0}.Debug|Any CPU.ActiveCfg = Debug|Any CPU
		{B98B876F-E3A0-4355-9F5E-C589AA622BF0}.Debug|Any CPU.Build.0 = Debug|Any CPU
		{B98B876F-E3A0-4355-9F5E-C589AA622BF0}.Release|Any CPU.ActiveCfg = Release|Any CPU
		{B98B876F-E3A0-4355-9F5E-C589AA622BF0}.Release|Any CPU.Build.0 = Release|Any CPU
		{FA10E8AE-13C5-4785-B542-F3BA96E2C1AC}.Debug|Any CPU.ActiveCfg = Debug|Any CPU
		{FA10E8AE-13C5-4785-B542-F3BA96E2C1AC}.Debug|Any CPU.Build.0 = Debug|Any CPU
		{FA10E8AE-13C5-4785-B542-F3BA96E2C1AC}.Release|Any CPU.ActiveCfg = Release|Any CPU
		{FA10E8AE-13C5-4785-B542-F3BA96E2C1AC}.Release|Any CPU.Build.0 = Release|Any CPU
		{4A2C95B4-D00A-44E8-AE71-9FC80BE44548}.Debug|Any CPU.ActiveCfg = Debug|Any CPU
		{4A2C95B4-D00A-44E8-AE71-9FC80BE44548}.Debug|Any CPU.Build.0 = Debug|Any CPU
		{4A2C95B4-D00A-44E8-AE71-9FC80BE44548}.Release|Any CPU.ActiveCfg = Release|Any CPU
		{4A2C95B4-D00A-44E8-AE71-9FC80BE44548}.Release|Any CPU.Build.0 = Release|Any CPU
		{07057619-120D-4B15-B48C-97C430681107}.Debug|Any CPU.ActiveCfg = Debug|Any CPU
		{07057619-120D-4B15-B48C-97C430681107}.Debug|Any CPU.Build.0 = Debug|Any CPU
		{07057619-120D-4B15-B48C-97C430681107}.Release|Any CPU.ActiveCfg = Release|Any CPU
		{07057619-120D-4B15-B48C-97C430681107}.Release|Any CPU.Build.0 = Release|Any CPU
	EndGlobalSection
	GlobalSection(SolutionProperties) = preSolution
		HideSolutionNode = FALSE
	EndGlobalSection
	GlobalSection(ExtensibilityGlobals) = postSolution
		SolutionGuid = {22637A8D-E3FF-464B-B794-7D906BBAA6E0}
	EndGlobalSection
EndGlobal
